GEM
  remote: https://rubygems.org/
  specs:
    actionpack (6.1.7)
      actionview (= 6.1.7)
      activesupport (= 6.1.7)
    actionview (6.1.7)
      activesupport (= 6.1.7)
    activesupport (6.1.7)
    rails (6.1.7)
      actionpack (= 6.1.7)
      railties (= 6.1.7)
    railties (6.1.7)
      actionpack (= 6.1.7)
      activesupport (= 6.1.7)
    sprockets (3.7.2)
    sprockets-rails (3.4.2)
      actionpack (>= 5.2)
      activesupport (>= 5.2)
      sprockets (>= 3.0.0)

PLATFORMS
  ruby

DEPENDENCIES
  rails (~> 6.1)
  sprockets-rails

BUNDLED WITH
   2.5.3
